// !$*UTF8*$!
{
	archiveVersion = 1;
	classes = {
	};
	objectVersion = 50;
	objects = {

/* Begin PBXBuildFile section */
		83848075223032C800ECA82E /* AppDelegate.swift in Sources */ = {isa = PBXBuildFile; fileRef = 83848074223032C800ECA82E /* AppDelegate.swift */; };
		83848077223032C800ECA82E /* ViewController.swift in Sources */ = {isa = PBXBuildFile; fileRef = 83848076223032C800ECA82E /* ViewController.swift */; };
		8384807A223032C800ECA82E /* Main.storyboard in Resources */ = {isa = PBXBuildFile; fileRef = 83848078223032C800ECA82E /* Main.storyboard */; };
		8384807C223032C900ECA82E /* Assets.xcassets in Resources */ = {isa = PBXBuildFile; fileRef = 8384807B223032C900ECA82E /* Assets.xcassets */; };
		8384807F223032C900ECA82E /* LaunchScreen.storyboard in Resources */ = {isa = PBXBuildFile; fileRef = 8384807D223032C900ECA82E /* LaunchScreen.storyboard */; };
		8384808A223032CA00ECA82E /* Chatbot1Tests.swift in Sources */ = {isa = PBXBuildFile; fileRef = 83848089223032CA00ECA82E /* Chatbot1Tests.swift */; };
		83848095223032CA00ECA82E /* Chatbot1UITests.swift in Sources */ = {isa = PBXBuildFile; fileRef = 83848094223032CA00ECA82E /* Chatbot1UITests.swift */; };
/* End PBXBuildFile section */

/* Begin PBXContainerItemProxy section */
		83848086223032CA00ECA82E /* PBXContainerItemProxy */ = {
			isa = PBXContainerItemProxy;
			containerPortal = 83848069223032C800ECA82E /* Project object */;
			proxyType = 1;
			remoteGlobalIDString = 83848070223032C800ECA82E;
			remoteInfo = Chatbot1;
		};
		83848091223032CA00ECA82E /* PBXContainerItemProxy */ = {
			isa = PBXContainerItemProxy;
			containerPortal = 83848069223032C800ECA82E /* Project object */;
			proxyType = 1;
			remoteGlobalIDString = 83848070223032C800ECA82E;
			remoteInfo = Chatbot1;
		};
/* End PBXContainerItemProxy section */

/* Begin PBXFileReference section */
		83848071223032C800ECA82E /* Chatbot1.app */ = {isa = PBXFileReference; explicitFileType = wrapper.application; includeInIndex = 0; path = Chatbot1.app; sourceTree = BUILT_PRODUCTS_DIR; };
		83848074223032C800ECA82E /* AppDelegate.swift */ = {isa = PBXFileReference; lastKnownFileType = sourcecode.swift; path = AppDelegate.swift; sourceTree = "<group>"; };
		83848076223032C800ECA82E /* ViewController.swift */ = {isa = PBXFileReference; lastKnownFileType = sourcecode.swift; path = ViewController.swift; sourceTree = "<group>"; };
		83848079223032C800ECA82E /* Base */ = {isa = PBXFileReference; lastKnownFileType = file.storyboard; name = Base; path = Base.lproj/Main.storyboard; sourceTree = "<group>"; };
		8384807B223032C900ECA82E /* Assets.xcassets */ = {isa = PBXFileReference; lastKnownFileType = folder.assetcatalog; path = Assets.xcassets; sourceTree = "<group>"; };
		8384807E223032C900ECA82E /* Base */ = {isa = PBXFileReference; lastKnownFileType = file.storyboard; name = Base; path = Base.lproj/LaunchScreen.storyboard; sourceTree = "<group>"; };
		83848080223032C900ECA82E /* Info.plist */ = {isa = PBXFileReference; lastKnownFileType = text.plist.xml; path = Info.plist; sourceTree = "<group>"; };
		83848085223032CA00ECA82E /* Chatbot1Tests.xctest */ = {isa = PBXFileReference; explicitFileType = wrapper.cfbundle; includeInIndex = 0; path = Chatbot1Tests.xctest; sourceTree = BUILT_PRODUCTS_DIR; };
		83848089223032CA00ECA82E /* Chatbot1Tests.swift */ = {isa = PBXFileReference; lastKnownFileType = sourcecode.swift; path = Chatbot1Tests.swift; sourceTree = "<group>"; };
		8384808B223032CA00ECA82E /* Info.plist */ = {isa = PBXFileReference; lastKnownFileType = text.plist.xml; path = Info.plist; sourceTree = "<group>"; };
		83848090223032CA00ECA82E /* Chatbot1UITests.xctest */ = {isa = PBXFileReference; explicitFileType = wrapper.cfbundle; includeInIndex = 0; path = Chatbot1UITests.xctest; sourceTree = BUILT_PRODUCTS_DIR; };
		83848094223032CA00ECA82E /* Chatbot1UITests.swift */ = {isa = PBXFileReference; lastKnownFileType = sourcecode.swift; path = Chatbot1UITests.swift; sourceTree = "<group>"; };
		83848096223032CA00ECA82E /* Info.plist */ = {isa = PBXFileReference; lastKnownFileType = text.plist.xml; path = Info.plist; sourceTree = "<group>"; };
/* End PBXFileReference section */

/* Begin PBXFrameworksBuildPhase section */
		8384806E223032C800ECA82E /* Frameworks */ = {
			isa = PBXFrameworksBuildPhase;
			buildActionMask = 2147483647;
			files = (
			);
			runOnlyForDeploymentPostprocessing = 0;
		};
		83848082223032CA00ECA82E /* Frameworks */ = {
			isa = PBXFrameworksBuildPhase;
			buildActionMask = 2147483647;
			files = (
			);
			runOnlyForDeploymentPostprocessing = 0;
		};
		8384808D223032CA00ECA82E /* Frameworks */ = {
			isa = PBXFrameworksBuildPhase;
			buildActionMask = 2147483647;
			files = (
			);
			runOnlyForDeploymentPostprocessing = 0;
		};
/* End PBXFrameworksBuildPhase section */

/* Begin PBXGroup section */
		83848068223032C800ECA82E = {
			isa = PBXGroup;
			children = (
				83848073223032C800ECA82E /* Chatbot1 */,
				83848088223032CA00ECA82E /* Chatbot1Tests */,
				83848093223032CA00ECA82E /* Chatbot1UITests */,
				83848072223032C800ECA82E /* Products */,
			);
			sourceTree = "<group>";
		};
		83848072223032C800ECA82E /* Products */ = {
			isa = PBXGroup;
			children = (
				83848071223032C800ECA82E /* Chatbot1.app */,
				83848085223032CA00ECA82E /* Chatbot1Tests.xctest */,
				83848090223032CA00ECA82E /* Chatbot1UITests.xctest */,
			);
			name = Products;
			sourceTree = "<group>";
		};
		83848073223032C800ECA82E /* Chatbot1 */ = {
			isa = PBXGroup;
			children = (
				83848074223032C800ECA82E /* AppDelegate.swift */,
				83848076223032C800ECA82E /* ViewController.swift */,
				83848078223032C800ECA82E /* Main.storyboard */,
				8384807B223032C900ECA82E /* Assets.xcassets */,
				8384807D223032C900ECA82E /* LaunchScreen.storyboard */,
				83848080223032C900ECA82E /* Info.plist */,
			);
			path = Chatbot1;
			sourceTree = "<group>";
		};
		83848088223032CA00ECA82E /* Chatbot1Tests */ = {
			isa = PBXGroup;
			children = (
				83848089223032CA00ECA82E /* Chatbot1Tests.swift */,
				8384808B223032CA00ECA82E /* Info.plist */,
			);
			path = Chatbot1Tests;
			sourceTree = "<group>";
		};
		83848093223032CA00ECA82E /* Chatbot1UITests */ = {
			isa = PBXGroup;
			children = (
				83848094223032CA00ECA82E /* Chatbot1UITests.swift */,
				83848096223032CA00ECA82E /* Info.plist */,
			);
			path = Chatbot1UITests;
			sourceTree = "<group>";
		};
/* End PBXGroup section */

/* Begin PBXNativeTarget section */
		83848070223032C800ECA82E /* Chatbot1 */ = {
			isa = PBXNativeTarget;
			buildConfigurationList = 83848099223032CA00ECA82E /* Build configuration list for PBXNativeTarget "Chatbot1" */;
			buildPhases = (
				8384806D223032C800ECA82E /* Sources */,
				8384806E223032C800ECA82E /* Frameworks */,
				8384806F223032C800ECA82E /* Resources */,
			);
			buildRules = (
			);
			dependencies = (
			);
			name = Chatbot1;
			productName = Chatbot1;
			productReference = 83848071223032C800ECA82E /* Chatbot1.app */;
			productType = "com.apple.product-type.application";
		};
		83848084223032CA00ECA82E /* Chatbot1Tests */ = {
			isa = PBXNativeTarget;
			buildConfigurationList = 8384809C223032CA00ECA82E /* Build configuration list for PBXNativeTarget "Chatbot1Tests" */;
			buildPhases = (
				83848081223032CA00ECA82E /* Sources */,
				83848082223032CA00ECA82E /* Frameworks */,
				83848083223032CA00ECA82E /* Resources */,
			);
			buildRules = (
			);
			dependencies = (
				83848087223032CA00ECA82E /* PBXTargetDependency */,
			);
			name = Chatbot1Tests;
			productName = Chatbot1Tests;
			productReference = 83848085223032CA00ECA82E /* Chatbot1Tests.xctest */;
			productType = "com.apple.product-type.bundle.unit-test";
		};
		8384808F223032CA00ECA82E /* Chatbot1UITests */ = {
			isa = PBXNativeTarget;
			buildConfigurationList = 8384809F223032CA00ECA82E /* Build configuration list for PBXNativeTarget "Chatbot1UITests" */;
			buildPhases = (
				8384808C223032CA00ECA82E /* Sources */,
				8384808D223032CA00ECA82E /* Frameworks */,
				8384808E223032CA00ECA82E /* Resources */,
			);
			buildRules = (
			);
			dependencies = (
				83848092223032CA00ECA82E /* PBXTargetDependency */,
			);
			name = Chatbot1UITests;
			productName = Chatbot1UITests;
			productReference = 83848090223032CA00ECA82E /* Chatbot1UITests.xctest */;
			productType = "com.apple.product-type.bundle.ui-testing";
		};
/* End PBXNativeTarget section */

/* Begin PBXProject section */
		83848069223032C800ECA82E /* Project object */ = {
			isa = PBXProject;
			attributes = {
				LastSwiftUpdateCheck = 1010;
				LastUpgradeCheck = 1010;
				ORGANIZATIONNAME = "Lezioni IBM";
				TargetAttributes = {
					83848070223032C800ECA82E = {
						CreatedOnToolsVersion = 10.1;
					};
					83848084223032CA00ECA82E = {
						CreatedOnToolsVersion = 10.1;
						TestTargetID = 83848070223032C800ECA82E;
					};
					8384808F223032CA00ECA82E = {
						CreatedOnToolsVersion = 10.1;
						TestTargetID = 83848070223032C800ECA82E;
					};
				};
			};
			buildConfigurationList = 8384806C223032C800ECA82E /* Build configuration list for PBXProject "Chatbot1" */;
			compatibilityVersion = "Xcode 9.3";
			developmentRegion = en;
			hasScannedForEncodings = 0;
			knownRegions = (
				en,
				Base,
			);
			mainGroup = 83848068223032C800ECA82E;
			productRefGroup = 83848072223032C800ECA82E /* Products */;
			projectDirPath = "";
			projectRoot = "";
			targets = (
				83848070223032C800ECA82E /* Chatbot1 */,
				83848084223032CA00ECA82E /* Chatbot1Tests */,
				8384808F223032CA00ECA82E /* Chatbot1UITests */,
			);
		};
/* End PBXProject section */

/* Begin PBXResourcesBuildPhase section */
		8384806F223032C800ECA82E /* Resources */ = {
			isa = PBXResourcesBuildPhase;
			buildActionMask = 2147483647;
			files = (
				8384807F223032C900ECA82E /* LaunchScreen.storyboard in Resources */,
				8384807C223032C900ECA82E /* Assets.xcassets in Resources */,
				8384807A223032C800ECA82E /* Main.storyboard in Resources */,
			);
			runOnlyForDeploymentPostprocessing = 0;
		};
		83848083223032CA00ECA82E /* Resources */ = {
			isa = PBXResourcesBuildPhase;
			buildActionMask = 2147483647;
			files = (
			);
			runOnlyForDeploymentPostprocessing = 0;
		};
		8384808E223032CA00ECA82E /* Resources */ = {
			isa = PBXResourcesBuildPhase;
			buildActionMask = 2147483647;
			files = (
			);
			runOnlyForDeploymentPostprocessing = 0;
		};
/* End PBXResourcesBuildPhase section */

/* Begin PBXSourcesBuildPhase section */
		8384806D223032C800ECA82E /* Sources */ = {
			isa = PBXSourcesBuildPhase;
			buildActionMask = 2147483647;
			files = (
				83848077223032C800ECA82E /* ViewController.swift in Sources */,
				83848075223032C800ECA82E /* AppDelegate.swift in Sources */,
			);
			runOnlyForDeploymentPostprocessing = 0;
		};
		83848081223032CA00ECA82E /* Sources */ = {
			isa = PBXSourcesBuildPhase;
			buildActionMask = 2147483647;
			files = (
				8384808A223032CA00ECA82E /* Chatbot1Tests.swift in Sources */,
			);
			runOnlyForDeploymentPostprocessing = 0;
		};
		8384808C223032CA00ECA82E /* Sources */ = {
			isa = PBXSourcesBuildPhase;
			buildActionMask = 2147483647;
			files = (
				83848095223032CA00ECA82E /* Chatbot1UITests.swift in Sources */,
			);
			runOnlyForDeploymentPostprocessing = 0;
		};
/* End PBXSourcesBuildPhase section */

/* Begin PBXTargetDependency section */
		83848087223032CA00ECA82E /* PBXTargetDependency */ = {
			isa = PBXTargetDependency;
			target = 83848070223032C800ECA82E /* Chatbot1 */;
			targetProxy = 83848086223032CA00ECA82E /* PBXContainerItemProxy */;
		};
		83848092223032CA00ECA82E /* PBXTargetDependency */ = {
			isa = PBXTargetDependency;
			target = 83848070223032C800ECA82E /* Chatbot1 */;
			targetProxy = 83848091223032CA00ECA82E /* PBXContainerItemProxy */;
		};
/* End PBXTargetDependency section */

/* Begin PBXVariantGroup section */
		83848078223032C800ECA82E /* Main.storyboard */ = {
			isa = PBXVariantGroup;
			children = (
				83848079223032C800ECA82E /* Base */,
			);
			name = Main.storyboard;
			sourceTree = "<group>";
		};
		8384807D223032C900ECA82E /* LaunchScreen.storyboard */ = {
			isa = PBXVariantGroup;
			children = (
				8384807E223032C900ECA82E /* Base */,
			);
			name = LaunchScreen.storyboard;
			sourceTree = "<group>";
		};
/* End PBXVariantGroup section */

/* Begin XCBuildConfiguration section */
		83848097223032CA00ECA82E /* Debug */ = {
			isa = XCBuildConfiguration;
			buildSettings = {
				ALWAYS_SEARCH_USER_PATHS = NO;
				CLANG_ANALYZER_NONNULL = YES;
				CLANG_ANALYZER_NUMBER_OBJECT_CONVERSION = YES_AGGRESSIVE;
				CLANG_CXX_LANGUAGE_STANDARD = "gnu++14";
				CLANG_CXX_LIBRARY = "libc++";
				CLANG_ENABLE_MODULES = YES;
				CLANG_ENABLE_OBJC_ARC = YES;
				CLANG_ENABLE_OBJC_WEAK = YES;
				CLANG_WARN_BLOCK_CAPTURE_AUTORELEASING = YES;
				CLANG_WARN_BOOL_CONVERSION = YES;
				CLANG_WARN_COMMA = YES;
				CLANG_WARN_CONSTANT_CONVERSION = YES;
				CLANG_WARN_DEPRECATED_OBJC_IMPLEMENTATIONS = YES;
				CLANG_WARN_DIRECT_OBJC_ISA_USAGE = YES_ERROR;
				CLANG_WARN_DOCUMENTATION_COMMENTS = YES;
				CLANG_WARN_EMPTY_BODY = YES;
				CLANG_WARN_ENUM_CONVERSION = YES;
				CLANG_WARN_INFINITE_RECURSION = YES;
				CLANG_WARN_INT_CONVERSION = YES;
				CLANG_WARN_NON_LITERAL_NULL_CONVERSION = YES;
				CLANG_WARN_OBJC_IMPLICIT_RETAIN_SELF = YES;
				CLANG_WARN_OBJC_LITERAL_CONVERSION = YES;
				CLANG_WARN_OBJC_ROOT_CLASS = YES_ERROR;
				CLANG_WARN_RANGE_LOOP_ANALYSIS = YES;
				CLANG_WARN_STRICT_PROTOTYPES = YES;
				CLANG_WARN_SUSPICIOUS_MOVE = YES;
				CLANG_WARN_UNGUARDED_AVAILABILITY = YES_AGGRESSIVE;
				CLANG_WARN_UNREACHABLE_CODE = YES;
				CLANG_WARN__DUPLICATE_METHOD_MATCH = YES;
				CODE_SIGN_IDENTITY = "iPhone Developer";
				COPY_PHASE_STRIP = NO;
				DEBUG_INFORMATION_FORMAT = dwarf;
				ENABLE_STRICT_OBJC_MSGSEND = YES;
				ENABLE_TESTABILITY = YES;
				GCC_C_LANGUAGE_STANDARD = gnu11;
				GCC_DYNAMIC_NO_PIC = NO;
				GCC_NO_COMMON_BLOCKS = YES;
				GCC_OPTIMIZATION_LEVEL = 0;
				GCC_PREPROCESSOR_DEFINITIONS = (
					"DEBUG=1",
					"$(inherited)",
				);
				GCC_WARN_64_TO_32_BIT_CONVERSION = YES;
				GCC_WARN_ABOUT_RETURN_TYPE = YES_ERROR;
				GCC_WARN_UNDECLARED_SELECTOR = YES;
				GCC_WARN_UNINITIALIZED_AUTOS = YES_AGGRESSIVE;
				GCC_WARN_UNUSED_FUNCTION = YES;
				GCC_WARN_UNUSED_VARIABLE = YES;
				IPHONEOS_DEPLOYMENT_TARGET = 12.1;
				MTL_ENABLE_DEBUG_INFO = INCLUDE_SOURCE;
				MTL_FAST_MATH = YES;
				ONLY_ACTIVE_ARCH = YES;
				SDKROOT = iphoneos;
				SWIFT_ACTIVE_COMPILATION_CONDITIONS = DEBUG;
				SWIFT_OPTIMIZATION_LEVEL = "-Onone";
			};
			name = Debug;
		};
		83848098223032CA00ECA82E /* Release */ = {
			isa = XCBuildConfiguration;
			buildSettings = {
				ALWAYS_SEARCH_USER_PATHS = NO;
				CLANG_ANALYZER_NONNULL = YES;
				CLANG_ANALYZER_NUMBER_OBJECT_CONVERSION = YES_AGGRESSIVE;
				CLANG_CXX_LANGUAGE_STANDARD = "gnu++14";
				CLANG_CXX_LIBRARY = "libc++";
				CLANG_ENABLE_MODULES = YES;
				CLANG_ENABLE_OBJC_ARC = YES;
				CLANG_ENABLE_OBJC_WEAK = YES;
				CLANG_WARN_BLOCK_CAPTURE_AUTORELEASING = YES;
				CLANG_WARN_BOOL_CONVERSION = YES;
				CLANG_WARN_COMMA = YES;
				CLANG_WARN_CONSTANT_CONVERSION = YES;
				CLANG_WARN_DEPRECATED_OBJC_IMPLEMENTATIONS = YES;
				CLANG_WARN_DIRECT_OBJC_ISA_USAGE = YES_ERROR;
				CLANG_WARN_DOCUMENTATION_COMMENTS = YES;
				CLANG_WARN_EMPTY_BODY = YES;
				CLANG_WARN_ENUM_CONVERSION = YES;
				CLANG_WARN_INFINITE_RECURSION = YES;
				CLANG_WARN_INT_CONVERSION = YES;
				CLANG_WARN_NON_LITERAL_NULL_CONVERSION = YES;
				CLANG_WARN_OBJC_IMPLICIT_RETAIN_SELF = YES;
				CLANG_WARN_OBJC_LITERAL_CONVERSION = YES;
				CLANG_WARN_OBJC_ROOT_CLASS = YES_ERROR;
				CLANG_WARN_RANGE_LOOP_ANALYSIS = YES;
				CLANG_WARN_STRICT_PROTOTYPES = YES;
				CLANG_WARN_SUSPICIOUS_MOVE = YES;
				CLANG_WARN_UNGUARDED_AVAILABILITY = YES_AGGRESSIVE;
				CLANG_WARN_UNREACHABLE_CODE = YES;
				CLANG_WARN__DUPLICATE_METHOD_MATCH = YES;
				CODE_SIGN_IDENTITY = "iPhone Developer";
				COPY_PHASE_STRIP = NO;
				DEBUG_INFORMATION_FORMAT = "dwarf-with-dsym";
				ENABLE_NS_ASSERTIONS = NO;
				ENABLE_STRICT_OBJC_MSGSEND = YES;
				GCC_C_LANGUAGE_STANDARD = gnu11;
				GCC_NO_COMMON_BLOCKS = YES;
				GCC_WARN_64_TO_32_BIT_CONVERSION = YES;
				GCC_WARN_ABOUT_RETURN_TYPE = YES_ERROR;
				GCC_WARN_UNDECLARED_SELECTOR = YES;
				GCC_WARN_UNINITIALIZED_AUTOS = YES_AGGRESSIVE;
				GCC_WARN_UNUSED_FUNCTION = YES;
				GCC_WARN_UNUSED_VARIABLE = YES;
				IPHONEOS_DEPLOYMENT_TARGET = 12.1;
				MTL_ENABLE_DEBUG_INFO = NO;
				MTL_FAST_MATH = YES;
				SDKROOT = iphoneos;
				SWIFT_COMPILATION_MODE = wholemodule;
				SWIFT_OPTIMIZATION_LEVEL = "-O";
				VALIDATE_PRODUCT = YES;
			};
			name = Release;
		};
		8384809A223032CA00ECA82E /* Debug */ = {
			isa = XCBuildConfiguration;
			buildSettings = {
				ASSETCATALOG_COMPILER_APPICON_NAME = AppIcon;
				CODE_SIGN_STYLE = Automatic;
				DEVELOPMENT_TEAM = TV9ZJ8XFV9;
				INFOPLIST_FILE = Chatbot1/Info.plist;
				LD_RUNPATH_SEARCH_PATHS = (
					"$(inherited)",
					"@executable_path/Frameworks",
				);
				PRODUCT_BUNDLE_IDENTIFIER = lezioni.IBM.it.Chatbot1;
				PRODUCT_NAME = "$(TARGET_NAME)";
				SWIFT_VERSION = 4.2;
				TARGETED_DEVICE_FAMILY = "1,2";
			};
			name = Debug;
		};
		8384809B223032CA00ECA82E /* Release */ = {
			isa = XCBuildConfiguration;
			buildSettings = {
				ASSETCATALOG_COMPILER_APPICON_NAME = AppIcon;
				CODE_SIGN_STYLE = Automatic;
				DEVELOPMENT_TEAM = TV9ZJ8XFV9;
				INFOPLIST_FILE = Chatbot1/Info.plist;
				LD_RUNPATH_SEARCH_PATHS = (
					"$(inherited)",
					"@executable_path/Frameworks",
				);
				PRODUCT_BUNDLE_IDENTIFIER = lezioni.IBM.it.Chatbot1;
				PRODUCT_NAME = "$(TARGET_NAME)";
				SWIFT_VERSION = 4.2;
				TARGETED_DEVICE_FAMILY = "1,2";
			};
			name = Release;
		};
		8384809D223032CA00ECA82E /* Debug */ = {
			isa = XCBuildConfiguration;
			buildSettings = {
				ALWAYS_EMBED_SWIFT_STANDARD_LIBRARIES = YES;
				BUNDLE_LOADER = "$(TEST_HOST)";
				CODE_SIGN_STYLE = Automatic;
				DEVELOPMENT_TEAM = TV9ZJ8XFV9;
				INFOPLIST_FILE = Chatbot1Tests/Info.plist;
				LD_RUNPATH_SEARCH_PATHS = (
					"$(inherited)",
					"@executable_path/Frameworks",
					"@loader_path/Frameworks",
				);
				PRODUCT_BUNDLE_IDENTIFIER = lezioni.IBM.it.Chatbot1Tests;
				PRODUCT_NAME = "$(TARGET_NAME)";
				SWIFT_VERSION = 4.2;
				TARGETED_DEVICE_FAMILY = "1,2";
				TEST_HOST = "$(BUILT_PRODUCTS_DIR)/Chatbot1.app/Chatbot1";
			};
			name = Debug;
		};
		8384809E223032CA00ECA82E /* Release */ = {
			isa = XCBuildConfiguration;
			buildSettings = {
				ALWAYS_EMBED_SWIFT_STANDARD_LIBRARIES = YES;
				BUNDLE_LOADER = "$(TEST_HOST)";
				CODE_SIGN_STYLE = Automatic;
				DEVELOPMENT_TEAM = TV9ZJ8XFV9;
				INFOPLIST_FILE = Chatbot1Tests/Info.plist;
				LD_RUNPATH_SEARCH_PATHS = (
					"$(inherited)",
					"@executable_path/Frameworks",
					"@loader_path/Frameworks",
				);
				PRODUCT_BUNDLE_IDENTIFIER = lezioni.IBM.it.Chatbot1Tests;
				PRODUCT_NAME = "$(TARGET_NAME)";
				SWIFT_VERSION = 4.2;
				TARGETED_DEVICE_FAMILY = "1,2";
				TEST_HOST = "$(BUILT_PRODUCTS_DIR)/Chatbot1.app/Chatbot1";
			};
			name = Release;
		};
		838480A0223032CA00ECA82E /* Debug */ = {
			isa = XCBuildConfiguration;
			buildSettings = {
				ALWAYS_EMBED_SWIFT_STANDARD_LIBRARIES = YES;
				CODE_SIGN_STYLE = Automatic;
				DEVELOPMENT_TEAM = TV9ZJ8XFV9;
				INFOPLIST_FILE = Chatbot1UITests/Info.plist;
				LD_RUNPATH_SEARCH_PATHS = (
					"$(inherited)",
					"@executable_path/Frameworks",
					"@loader_path/Frameworks",
				);
				PRODUCT_BUNDLE_IDENTIFIER = lezioni.IBM.it.Chatbot1UITests;
				PRODUCT_NAME = "$(TARGET_NAME)";
				SWIFT_VERSION = 4.2;
				TARGETED_DEVICE_FAMILY = "1,2";
				TEST_TARGET_NAME = Chatbot1;
			};
			name = Debug;
		};
		838480A1223032CA00ECA82E /* Release */ = {
			isa = XCBuildConfiguration;
			buildSettings = {
				ALWAYS_EMBED_SWIFT_STANDARD_LIBRARIES = YES;
				CODE_SIGN_STYLE = Automatic;
				DEVELOPMENT_TEAM = TV9ZJ8XFV9;
				INFOPLIST_FILE = Chatbot1UITests/Info.plist;
				LD_RUNPATH_SEARCH_PATHS = (
					"$(inherited)",
					"@executable_path/Frameworks",
					"@loader_path/Frameworks",
				);
				PRODUCT_BUNDLE_IDENTIFIER = lezioni.IBM.it.Chatbot1UITests;
				PRODUCT_NAME = "$(TARGET_NAME)";
				SWIFT_VERSION = 4.2;
				TARGETED_DEVICE_FAMILY = "1,2";
				TEST_TARGET_NAME = Chatbot1;
			};
			name = Release;
		};
/* End XCBuildConfiguration section */

/* Begin XCConfigurationList section */
		8384806C223032C800ECA82E /* Build configuration list for PBXProject "Chatbot1" */ = {
			isa = XCConfigurationList;
			buildConfigurations = (
				83848097223032CA00ECA82E /* Debug */,
				83848098223032CA00ECA82E /* Release */,
			);
			defaultConfigurationIsVisible = 0;
			defaultConfigurationName = Release;
		};
		83848099223032CA00ECA82E /* Build configuration list for PBXNativeTarget "Chatbot1" */ = {
			isa = XCConfigurationList;
			buildConfigurations = (
				8384809A223032CA00ECA82E /* Debug */,
				8384809B223032CA00ECA82E /* Release */,
			);
			defaultConfigurationIsVisible = 0;
			defaultConfigurationName = Release;
		};
		8384809C223032CA00ECA82E /* Build configuration list for PBXNativeTarget "Chatbot1Tests" */ = {
			isa = XCConfigurationList;
			buildConfigurations = (
				8384809D223032CA00ECA82E /* Debug */,
				8384809E223032CA00ECA82E /* Release */,
			);
			defaultConfigurationIsVisible = 0;
			defaultConfigurationName = Release;
		};
		8384809F223032CA00ECA82E /* Build configuration list for PBXNativeTarget "Chatbot1UITests" */ = {
			isa = XCConfigurationList;
			buildConfigurations = (
				838480A0223032CA00ECA82E /* Debug */,
				838480A1223032CA00ECA82E /* Release */,
			);
			defaultConfigurationIsVisible = 0;
			defaultConfigurationName = Release;
		};
/* End XCConfigurationList section */
	};
	rootObject = 83848069223032C800ECA82E /* Project object */;
}
