// !$*UTF8*$!
{
	archiveVersion = 1;
	classes = {
	};
	objectVersion = 50;
	objects = {

/* Begin PBXBuildFile section */
		2E3B6FEE22302D4B001AF27D /* AppDelegate.swift in Sources */ = {isa = PBXBuildFile; fileRef = 2E3B6FED22302D4B001AF27D /* AppDelegate.swift */; };
		2E3B6FF022302D4B001AF27D /* ViewController.swift in Sources */ = {isa = PBXBuildFile; fileRef = 2E3B6FEF22302D4B001AF27D /* ViewController.swift */; };
		2E3B6FF322302D4B001AF27D /* Main.storyboard in Resources */ = {isa = PBXBuildFile; fileRef = 2E3B6FF122302D4B001AF27D /* Main.storyboard */; };
		2E3B6FF522302D4B001AF27D /* Assets.xcassets in Resources */ = {isa = PBXBuildFile; fileRef = 2E3B6FF422302D4B001AF27D /* Assets.xcassets */; };
		2E3B6FF822302D4B001AF27D /* LaunchScreen.storyboard in Resources */ = {isa = PBXBuildFile; fileRef = 2E3B6FF622302D4B001AF27D /* LaunchScreen.storyboard */; };
		2E3B700322302D4B001AF27D /* ChatBotTests.swift in Sources */ = {isa = PBXBuildFile; fileRef = 2E3B700222302D4B001AF27D /* ChatBotTests.swift */; };
		2E3B700E22302D4B001AF27D /* ChatBotUITests.swift in Sources */ = {isa = PBXBuildFile; fileRef = 2E3B700D22302D4B001AF27D /* ChatBotUITests.swift */; };
/* End PBXBuildFile section */

/* Begin PBXContainerItemProxy section */
		2E3B6FFF22302D4B001AF27D /* PBXContainerItemProxy */ = {
			isa = PBXContainerItemProxy;
			containerPortal = 2E3B6FE222302D4B001AF27D /* Project object */;
			proxyType = 1;
			remoteGlobalIDString = 2E3B6FE922302D4B001AF27D;
			remoteInfo = ChatBot;
		};
		2E3B700A22302D4B001AF27D /* PBXContainerItemProxy */ = {
			isa = PBXContainerItemProxy;
			containerPortal = 2E3B6FE222302D4B001AF27D /* Project object */;
			proxyType = 1;
			remoteGlobalIDString = 2E3B6FE922302D4B001AF27D;
			remoteInfo = ChatBot;
		};
/* End PBXContainerItemProxy section */

/* Begin PBXFileReference section */
		2E3B6FEA22302D4B001AF27D /* ChatBot.app */ = {isa = PBXFileReference; explicitFileType = wrapper.application; includeInIndex = 0; path = ChatBot.app; sourceTree = BUILT_PRODUCTS_DIR; };
		2E3B6FED22302D4B001AF27D /* AppDelegate.swift */ = {isa = PBXFileReference; lastKnownFileType = sourcecode.swift; path = AppDelegate.swift; sourceTree = "<group>"; };
		2E3B6FEF22302D4B001AF27D /* ViewController.swift */ = {isa = PBXFileReference; lastKnownFileType = sourcecode.swift; path = ViewController.swift; sourceTree = "<group>"; };
		2E3B6FF222302D4B001AF27D /* Base */ = {isa = PBXFileReference; lastKnownFileType = file.storyboard; name = Base; path = Base.lproj/Main.storyboard; sourceTree = "<group>"; };
		2E3B6FF422302D4B001AF27D /* Assets.xcassets */ = {isa = PBXFileReference; lastKnownFileType = folder.assetcatalog; path = Assets.xcassets; sourceTree = "<group>"; };
		2E3B6FF722302D4B001AF27D /* Base */ = {isa = PBXFileReference; lastKnownFileType = file.storyboard; name = Base; path = Base.lproj/LaunchScreen.storyboard; sourceTree = "<group>"; };
		2E3B6FF922302D4B001AF27D /* Info.plist */ = {isa = PBXFileReference; lastKnownFileType = text.plist.xml; path = Info.plist; sourceTree = "<group>"; };
		2E3B6FFE22302D4B001AF27D /* ChatBotTests.xctest */ = {isa = PBXFileReference; explicitFileType = wrapper.cfbundle; includeInIndex = 0; path = ChatBotTests.xctest; sourceTree = BUILT_PRODUCTS_DIR; };
		2E3B700222302D4B001AF27D /* ChatBotTests.swift */ = {isa = PBXFileReference; lastKnownFileType = sourcecode.swift; path = ChatBotTests.swift; sourceTree = "<group>"; };
		2E3B700422302D4B001AF27D /* Info.plist */ = {isa = PBXFileReference; lastKnownFileType = text.plist.xml; path = Info.plist; sourceTree = "<group>"; };
		2E3B700922302D4B001AF27D /* ChatBotUITests.xctest */ = {isa = PBXFileReference; explicitFileType = wrapper.cfbundle; includeInIndex = 0; path = ChatBotUITests.xctest; sourceTree = BUILT_PRODUCTS_DIR; };
		2E3B700D22302D4B001AF27D /* ChatBotUITests.swift */ = {isa = PBXFileReference; lastKnownFileType = sourcecode.swift; path = ChatBotUITests.swift; sourceTree = "<group>"; };
		2E3B700F22302D4B001AF27D /* Info.plist */ = {isa = PBXFileReference; lastKnownFileType = text.plist.xml; path = Info.plist; sourceTree = "<group>"; };
/* End PBXFileReference section */

/* Begin PBXFrameworksBuildPhase section */
		2E3B6FE722302D4B001AF27D /* Frameworks */ = {
			isa = PBXFrameworksBuildPhase;
			buildActionMask = 2147483647;
			files = (
			);
			runOnlyForDeploymentPostprocessing = 0;
		};
		2E3B6FFB22302D4B001AF27D /* Frameworks */ = {
			isa = PBXFrameworksBuildPhase;
			buildActionMask = 2147483647;
			files = (
			);
			runOnlyForDeploymentPostprocessing = 0;
		};
		2E3B700622302D4B001AF27D /* Frameworks */ = {
			isa = PBXFrameworksBuildPhase;
			buildActionMask = 2147483647;
			files = (
			);
			runOnlyForDeploymentPostprocessing = 0;
		};
/* End PBXFrameworksBuildPhase section */

/* Begin PBXGroup section */
		2E3B6FE122302D4B001AF27D = {
			isa = PBXGroup;
			children = (
				2E3B6FEC22302D4B001AF27D /* ChatBot */,
				2E3B700122302D4B001AF27D /* ChatBotTests */,
				2E3B700C22302D4B001AF27D /* ChatBotUITests */,
				2E3B6FEB22302D4B001AF27D /* Products */,
			);
			sourceTree = "<group>";
		};
		2E3B6FEB22302D4B001AF27D /* Products */ = {
			isa = PBXGroup;
			children = (
				2E3B6FEA22302D4B001AF27D /* ChatBot.app */,
				2E3B6FFE22302D4B001AF27D /* ChatBotTests.xctest */,
				2E3B700922302D4B001AF27D /* ChatBotUITests.xctest */,
			);
			name = Products;
			sourceTree = "<group>";
		};
		2E3B6FEC22302D4B001AF27D /* ChatBot */ = {
			isa = PBXGroup;
			children = (
				2E3B6FED22302D4B001AF27D /* AppDelegate.swift */,
				2E3B6FEF22302D4B001AF27D /* ViewController.swift */,
				2E3B6FF122302D4B001AF27D /* Main.storyboard */,
				2E3B6FF422302D4B001AF27D /* Assets.xcassets */,
				2E3B6FF622302D4B001AF27D /* LaunchScreen.storyboard */,
				2E3B6FF922302D4B001AF27D /* Info.plist */,
			);
			path = ChatBot;
			sourceTree = "<group>";
		};
		2E3B700122302D4B001AF27D /* ChatBotTests */ = {
			isa = PBXGroup;
			children = (
				2E3B700222302D4B001AF27D /* ChatBotTests.swift */,
				2E3B700422302D4B001AF27D /* Info.plist */,
			);
			path = ChatBotTests;
			sourceTree = "<group>";
		};
		2E3B700C22302D4B001AF27D /* ChatBotUITests */ = {
			isa = PBXGroup;
			children = (
				2E3B700D22302D4B001AF27D /* ChatBotUITests.swift */,
				2E3B700F22302D4B001AF27D /* Info.plist */,
			);
			path = ChatBotUITests;
			sourceTree = "<group>";
		};
/* End PBXGroup section */

/* Begin PBXNativeTarget section */
		2E3B6FE922302D4B001AF27D /* ChatBot */ = {
			isa = PBXNativeTarget;
			buildConfigurationList = 2E3B701222302D4C001AF27D /* Build configuration list for PBXNativeTarget "ChatBot" */;
			buildPhases = (
				2E3B6FE622302D4B001AF27D /* Sources */,
				2E3B6FE722302D4B001AF27D /* Frameworks */,
				2E3B6FE822302D4B001AF27D /* Resources */,
			);
			buildRules = (
			);
			dependencies = (
			);
			name = ChatBot;
			productName = ChatBot;
			productReference = 2E3B6FEA22302D4B001AF27D /* ChatBot.app */;
			productType = "com.apple.product-type.application";
		};
		2E3B6FFD22302D4B001AF27D /* ChatBotTests */ = {
			isa = PBXNativeTarget;
			buildConfigurationList = 2E3B701522302D4C001AF27D /* Build configuration list for PBXNativeTarget "ChatBotTests" */;
			buildPhases = (
				2E3B6FFA22302D4B001AF27D /* Sources */,
				2E3B6FFB22302D4B001AF27D /* Frameworks */,
				2E3B6FFC22302D4B001AF27D /* Resources */,
			);
			buildRules = (
			);
			dependencies = (
				2E3B700022302D4B001AF27D /* PBXTargetDependency */,
			);
			name = ChatBotTests;
			productName = ChatBotTests;
			productReference = 2E3B6FFE22302D4B001AF27D /* ChatBotTests.xctest */;
			productType = "com.apple.product-type.bundle.unit-test";
		};
		2E3B700822302D4B001AF27D /* ChatBotUITests */ = {
			isa = PBXNativeTarget;
			buildConfigurationList = 2E3B701822302D4C001AF27D /* Build configuration list for PBXNativeTarget "ChatBotUITests" */;
			buildPhases = (
				2E3B700522302D4B001AF27D /* Sources */,
				2E3B700622302D4B001AF27D /* Frameworks */,
				2E3B700722302D4B001AF27D /* Resources */,
			);
			buildRules = (
			);
			dependencies = (
				2E3B700B22302D4B001AF27D /* PBXTargetDependency */,
			);
			name = ChatBotUITests;
			productName = ChatBotUITests;
			productReference = 2E3B700922302D4B001AF27D /* ChatBotUITests.xctest */;
			productType = "com.apple.product-type.bundle.ui-testing";
		};
/* End PBXNativeTarget section */

/* Begin PBXProject section */
		2E3B6FE222302D4B001AF27D /* Project object */ = {
			isa = PBXProject;
			attributes = {
				LastSwiftUpdateCheck = 1010;
				LastUpgradeCheck = 1010;
				ORGANIZATIONNAME = "Digital First";
				TargetAttributes = {
					2E3B6FE922302D4B001AF27D = {
						CreatedOnToolsVersion = 10.1;
					};
					2E3B6FFD22302D4B001AF27D = {
						CreatedOnToolsVersion = 10.1;
						TestTargetID = 2E3B6FE922302D4B001AF27D;
					};
					2E3B700822302D4B001AF27D = {
						CreatedOnToolsVersion = 10.1;
						TestTargetID = 2E3B6FE922302D4B001AF27D;
					};
				};
			};
			buildConfigurationList = 2E3B6FE522302D4B001AF27D /* Build configuration list for PBXProject "ChatBot" */;
			compatibilityVersion = "Xcode 9.3";
			developmentRegion = en;
			hasScannedForEncodings = 0;
			knownRegions = (
				en,
				Base,
			);
			mainGroup = 2E3B6FE122302D4B001AF27D;
			productRefGroup = 2E3B6FEB22302D4B001AF27D /* Products */;
			projectDirPath = "";
			projectRoot = "";
			targets = (
				2E3B6FE922302D4B001AF27D /* ChatBot */,
				2E3B6FFD22302D4B001AF27D /* ChatBotTests */,
				2E3B700822302D4B001AF27D /* ChatBotUITests */,
			);
		};
/* End PBXProject section */

/* Begin PBXResourcesBuildPhase section */
		2E3B6FE822302D4B001AF27D /* Resources */ = {
			isa = PBXResourcesBuildPhase;
			buildActionMask = 2147483647;
			files = (
				2E3B6FF822302D4B001AF27D /* LaunchScreen.storyboard in Resources */,
				2E3B6FF522302D4B001AF27D /* Assets.xcassets in Resources */,
				2E3B6FF322302D4B001AF27D /* Main.storyboard in Resources */,
			);
			runOnlyForDeploymentPostprocessing = 0;
		};
		2E3B6FFC22302D4B001AF27D /* Resources */ = {
			isa = PBXResourcesBuildPhase;
			buildActionMask = 2147483647;
			files = (
			);
			runOnlyForDeploymentPostprocessing = 0;
		};
		2E3B700722302D4B001AF27D /* Resources */ = {
			isa = PBXResourcesBuildPhase;
			buildActionMask = 2147483647;
			files = (
			);
			runOnlyForDeploymentPostprocessing = 0;
		};
/* End PBXResourcesBuildPhase section */

/* Begin PBXSourcesBuildPhase section */
		2E3B6FE622302D4B001AF27D /* Sources */ = {
			isa = PBXSourcesBuildPhase;
			buildActionMask = 2147483647;
			files = (
				2E3B6FF022302D4B001AF27D /* ViewController.swift in Sources */,
				2E3B6FEE22302D4B001AF27D /* AppDelegate.swift in Sources */,
			);
			runOnlyForDeploymentPostprocessing = 0;
		};
		2E3B6FFA22302D4B001AF27D /* Sources */ = {
			isa = PBXSourcesBuildPhase;
			buildActionMask = 2147483647;
			files = (
				2E3B700322302D4B001AF27D /* ChatBotTests.swift in Sources */,
			);
			runOnlyForDeploymentPostprocessing = 0;
		};
		2E3B700522302D4B001AF27D /* Sources */ = {
			isa = PBXSourcesBuildPhase;
			buildActionMask = 2147483647;
			files = (
				2E3B700E22302D4B001AF27D /* ChatBotUITests.swift in Sources */,
			);
			runOnlyForDeploymentPostprocessing = 0;
		};
/* End PBXSourcesBuildPhase section */

/* Begin PBXTargetDependency section */
		2E3B700022302D4B001AF27D /* PBXTargetDependency */ = {
			isa = PBXTargetDependency;
			target = 2E3B6FE922302D4B001AF27D /* ChatBot */;
			targetProxy = 2E3B6FFF22302D4B001AF27D /* PBXContainerItemProxy */;
		};
		2E3B700B22302D4B001AF27D /* PBXTargetDependency */ = {
			isa = PBXTargetDependency;
			target = 2E3B6FE922302D4B001AF27D /* ChatBot */;
			targetProxy = 2E3B700A22302D4B001AF27D /* PBXContainerItemProxy */;
		};
/* End PBXTargetDependency section */

/* Begin PBXVariantGroup section */
		2E3B6FF122302D4B001AF27D /* Main.storyboard */ = {
			isa = PBXVariantGroup;
			children = (
				2E3B6FF222302D4B001AF27D /* Base */,
			);
			name = Main.storyboard;
			sourceTree = "<group>";
		};
		2E3B6FF622302D4B001AF27D /* LaunchScreen.storyboard */ = {
			isa = PBXVariantGroup;
			children = (
				2E3B6FF722302D4B001AF27D /* Base */,
			);
			name = LaunchScreen.storyboard;
			sourceTree = "<group>";
		};
/* End PBXVariantGroup section */

/* Begin XCBuildConfiguration section */
		2E3B701022302D4B001AF27D /* Debug */ = {
			isa = XCBuildConfiguration;
			buildSettings = {
				ALWAYS_SEARCH_USER_PATHS = NO;
				CLANG_ANALYZER_NONNULL = YES;
				CLANG_ANALYZER_NUMBER_OBJECT_CONVERSION = YES_AGGRESSIVE;
				CLANG_CXX_LANGUAGE_STANDARD = "gnu++14";
				CLANG_CXX_LIBRARY = "libc++";
				CLANG_ENABLE_MODULES = YES;
				CLANG_ENABLE_OBJC_ARC = YES;
				CLANG_ENABLE_OBJC_WEAK = YES;
				CLANG_WARN_BLOCK_CAPTURE_AUTORELEASING = YES;
				CLANG_WARN_BOOL_CONVERSION = YES;
				CLANG_WARN_COMMA = YES;
				CLANG_WARN_CONSTANT_CONVERSION = YES;
				CLANG_WARN_DEPRECATED_OBJC_IMPLEMENTATIONS = YES;
				CLANG_WARN_DIRECT_OBJC_ISA_USAGE = YES_ERROR;
				CLANG_WARN_DOCUMENTATION_COMMENTS = YES;
				CLANG_WARN_EMPTY_BODY = YES;
				CLANG_WARN_ENUM_CONVERSION = YES;
				CLANG_WARN_INFINITE_RECURSION = YES;
				CLANG_WARN_INT_CONVERSION = YES;
				CLANG_WARN_NON_LITERAL_NULL_CONVERSION = YES;
				CLANG_WARN_OBJC_IMPLICIT_RETAIN_SELF = YES;
				CLANG_WARN_OBJC_LITERAL_CONVERSION = YES;
				CLANG_WARN_OBJC_ROOT_CLASS = YES_ERROR;
				CLANG_WARN_RANGE_LOOP_ANALYSIS = YES;
				CLANG_WARN_STRICT_PROTOTYPES = YES;
				CLANG_WARN_SUSPICIOUS_MOVE = YES;
				CLANG_WARN_UNGUARDED_AVAILABILITY = YES_AGGRESSIVE;
				CLANG_WARN_UNREACHABLE_CODE = YES;
				CLANG_WARN__DUPLICATE_METHOD_MATCH = YES;
				CODE_SIGN_IDENTITY = "iPhone Developer";
				COPY_PHASE_STRIP = NO;
				DEBUG_INFORMATION_FORMAT = dwarf;
				ENABLE_STRICT_OBJC_MSGSEND = YES;
				ENABLE_TESTABILITY = YES;
				GCC_C_LANGUAGE_STANDARD = gnu11;
				GCC_DYNAMIC_NO_PIC = NO;
				GCC_NO_COMMON_BLOCKS = YES;
				GCC_OPTIMIZATION_LEVEL = 0;
				GCC_PREPROCESSOR_DEFINITIONS = (
					"DEBUG=1",
					"$(inherited)",
				);
				GCC_WARN_64_TO_32_BIT_CONVERSION = YES;
				GCC_WARN_ABOUT_RETURN_TYPE = YES_ERROR;
				GCC_WARN_UNDECLARED_SELECTOR = YES;
				GCC_WARN_UNINITIALIZED_AUTOS = YES_AGGRESSIVE;
				GCC_WARN_UNUSED_FUNCTION = YES;
				GCC_WARN_UNUSED_VARIABLE = YES;
				IPHONEOS_DEPLOYMENT_TARGET = 12.1;
				MTL_ENABLE_DEBUG_INFO = INCLUDE_SOURCE;
				MTL_FAST_MATH = YES;
				ONLY_ACTIVE_ARCH = YES;
				SDKROOT = iphoneos;
				SWIFT_ACTIVE_COMPILATION_CONDITIONS = DEBUG;
				SWIFT_OPTIMIZATION_LEVEL = "-Onone";
			};
			name = Debug;
		};
		2E3B701122302D4C001AF27D /* Release */ = {
			isa = XCBuildConfiguration;
			buildSettings = {
				ALWAYS_SEARCH_USER_PATHS = NO;
				CLANG_ANALYZER_NONNULL = YES;
				CLANG_ANALYZER_NUMBER_OBJECT_CONVERSION = YES_AGGRESSIVE;
				CLANG_CXX_LANGUAGE_STANDARD = "gnu++14";
				CLANG_CXX_LIBRARY = "libc++";
				CLANG_ENABLE_MODULES = YES;
				CLANG_ENABLE_OBJC_ARC = YES;
				CLANG_ENABLE_OBJC_WEAK = YES;
				CLANG_WARN_BLOCK_CAPTURE_AUTORELEASING = YES;
				CLANG_WARN_BOOL_CONVERSION = YES;
				CLANG_WARN_COMMA = YES;
				CLANG_WARN_CONSTANT_CONVERSION = YES;
				CLANG_WARN_DEPRECATED_OBJC_IMPLEMENTATIONS = YES;
				CLANG_WARN_DIRECT_OBJC_ISA_USAGE = YES_ERROR;
				CLANG_WARN_DOCUMENTATION_COMMENTS = YES;
				CLANG_WARN_EMPTY_BODY = YES;
				CLANG_WARN_ENUM_CONVERSION = YES;
				CLANG_WARN_INFINITE_RECURSION = YES;
				CLANG_WARN_INT_CONVERSION = YES;
				CLANG_WARN_NON_LITERAL_NULL_CONVERSION = YES;
				CLANG_WARN_OBJC_IMPLICIT_RETAIN_SELF = YES;
				CLANG_WARN_OBJC_LITERAL_CONVERSION = YES;
				CLANG_WARN_OBJC_ROOT_CLASS = YES_ERROR;
				CLANG_WARN_RANGE_LOOP_ANALYSIS = YES;
				CLANG_WARN_STRICT_PROTOTYPES = YES;
				CLANG_WARN_SUSPICIOUS_MOVE = YES;
				CLANG_WARN_UNGUARDED_AVAILABILITY = YES_AGGRESSIVE;
				CLANG_WARN_UNREACHABLE_CODE = YES;
				CLANG_WARN__DUPLICATE_METHOD_MATCH = YES;
				CODE_SIGN_IDENTITY = "iPhone Developer";
				COPY_PHASE_STRIP = NO;
				DEBUG_INFORMATION_FORMAT = "dwarf-with-dsym";
				ENABLE_NS_ASSERTIONS = NO;
				ENABLE_STRICT_OBJC_MSGSEND = YES;
				GCC_C_LANGUAGE_STANDARD = gnu11;
				GCC_NO_COMMON_BLOCKS = YES;
				GCC_WARN_64_TO_32_BIT_CONVERSION = YES;
				GCC_WARN_ABOUT_RETURN_TYPE = YES_ERROR;
				GCC_WARN_UNDECLARED_SELECTOR = YES;
				GCC_WARN_UNINITIALIZED_AUTOS = YES_AGGRESSIVE;
				GCC_WARN_UNUSED_FUNCTION = YES;
				GCC_WARN_UNUSED_VARIABLE = YES;
				IPHONEOS_DEPLOYMENT_TARGET = 12.1;
				MTL_ENABLE_DEBUG_INFO = NO;
				MTL_FAST_MATH = YES;
				SDKROOT = iphoneos;
				SWIFT_COMPILATION_MODE = wholemodule;
				SWIFT_OPTIMIZATION_LEVEL = "-O";
				VALIDATE_PRODUCT = YES;
			};
			name = Release;
		};
		2E3B701322302D4C001AF27D /* Debug */ = {
			isa = XCBuildConfiguration;
			buildSettings = {
				ASSETCATALOG_COMPILER_APPICON_NAME = AppIcon;
				CODE_SIGN_STYLE = Automatic;
				INFOPLIST_FILE = ChatBot/Info.plist;
				LD_RUNPATH_SEARCH_PATHS = (
					"$(inherited)",
					"@executable_path/Frameworks",
				);
				PRODUCT_BUNDLE_IDENTIFIER = "Digital-First.ChatBot";
				PRODUCT_NAME = "$(TARGET_NAME)";
				SWIFT_VERSION = 4.2;
				TARGETED_DEVICE_FAMILY = "1,2";
			};
			name = Debug;
		};
		2E3B701422302D4C001AF27D /* Release */ = {
			isa = XCBuildConfiguration;
			buildSettings = {
				ASSETCATALOG_COMPILER_APPICON_NAME = AppIcon;
				CODE_SIGN_STYLE = Automatic;
				INFOPLIST_FILE = ChatBot/Info.plist;
				LD_RUNPATH_SEARCH_PATHS = (
					"$(inherited)",
					"@executable_path/Frameworks",
				);
				PRODUCT_BUNDLE_IDENTIFIER = "Digital-First.ChatBot";
				PRODUCT_NAME = "$(TARGET_NAME)";
				SWIFT_VERSION = 4.2;
				TARGETED_DEVICE_FAMILY = "1,2";
			};
			name = Release;
		};
		2E3B701622302D4C001AF27D /* Debug */ = {
			isa = XCBuildConfiguration;
			buildSettings = {
				ALWAYS_EMBED_SWIFT_STANDARD_LIBRARIES = YES;
				BUNDLE_LOADER = "$(TEST_HOST)";
				CODE_SIGN_STYLE = Automatic;
				INFOPLIST_FILE = ChatBotTests/Info.plist;
				LD_RUNPATH_SEARCH_PATHS = (
					"$(inherited)",
					"@executable_path/Frameworks",
					"@loader_path/Frameworks",
				);
				PRODUCT_BUNDLE_IDENTIFIER = "Digital-First.ChatBotTests";
				PRODUCT_NAME = "$(TARGET_NAME)";
				SWIFT_VERSION = 4.2;
				TARGETED_DEVICE_FAMILY = "1,2";
				TEST_HOST = "$(BUILT_PRODUCTS_DIR)/ChatBot.app/ChatBot";
			};
			name = Debug;
		};
		2E3B701722302D4C001AF27D /* Release */ = {
			isa = XCBuildConfiguration;
			buildSettings = {
				ALWAYS_EMBED_SWIFT_STANDARD_LIBRARIES = YES;
				BUNDLE_LOADER = "$(TEST_HOST)";
				CODE_SIGN_STYLE = Automatic;
				INFOPLIST_FILE = ChatBotTests/Info.plist;
				LD_RUNPATH_SEARCH_PATHS = (
					"$(inherited)",
					"@executable_path/Frameworks",
					"@loader_path/Frameworks",
				);
				PRODUCT_BUNDLE_IDENTIFIER = "Digital-First.ChatBotTests";
				PRODUCT_NAME = "$(TARGET_NAME)";
				SWIFT_VERSION = 4.2;
				TARGETED_DEVICE_FAMILY = "1,2";
				TEST_HOST = "$(BUILT_PRODUCTS_DIR)/ChatBot.app/ChatBot";
			};
			name = Release;
		};
		2E3B701922302D4C001AF27D /* Debug */ = {
			isa = XCBuildConfiguration;
			buildSettings = {
				ALWAYS_EMBED_SWIFT_STANDARD_LIBRARIES = YES;
				CODE_SIGN_STYLE = Automatic;
				INFOPLIST_FILE = ChatBotUITests/Info.plist;
				LD_RUNPATH_SEARCH_PATHS = (
					"$(inherited)",
					"@executable_path/Frameworks",
					"@loader_path/Frameworks",
				);
				PRODUCT_BUNDLE_IDENTIFIER = "Digital-First.ChatBotUITests";
				PRODUCT_NAME = "$(TARGET_NAME)";
				SWIFT_VERSION = 4.2;
				TARGETED_DEVICE_FAMILY = "1,2";
				TEST_TARGET_NAME = ChatBot;
			};
			name = Debug;
		};
		2E3B701A22302D4C001AF27D /* Release */ = {
			isa = XCBuildConfiguration;
			buildSettings = {
				ALWAYS_EMBED_SWIFT_STANDARD_LIBRARIES = YES;
				CODE_SIGN_STYLE = Automatic;
				INFOPLIST_FILE = ChatBotUITests/Info.plist;
				LD_RUNPATH_SEARCH_PATHS = (
					"$(inherited)",
					"@executable_path/Frameworks",
					"@loader_path/Frameworks",
				);
				PRODUCT_BUNDLE_IDENTIFIER = "Digital-First.ChatBotUITests";
				PRODUCT_NAME = "$(TARGET_NAME)";
				SWIFT_VERSION = 4.2;
				TARGETED_DEVICE_FAMILY = "1,2";
				TEST_TARGET_NAME = ChatBot;
			};
			name = Release;
		};
/* End XCBuildConfiguration section */

/* Begin XCConfigurationList section */
		2E3B6FE522302D4B001AF27D /* Build configuration list for PBXProject "ChatBot" */ = {
			isa = XCConfigurationList;
			buildConfigurations = (
				2E3B701022302D4B001AF27D /* Debug */,
				2E3B701122302D4C001AF27D /* Release */,
			);
			defaultConfigurationIsVisible = 0;
			defaultConfigurationName = Release;
		};
		2E3B701222302D4C001AF27D /* Build configuration list for PBXNativeTarget "ChatBot" */ = {
			isa = XCConfigurationList;
			buildConfigurations = (
				2E3B701322302D4C001AF27D /* Debug */,
				2E3B701422302D4C001AF27D /* Release */,
			);
			defaultConfigurationIsVisible = 0;
			defaultConfigurationName = Release;
		};
		2E3B701522302D4C001AF27D /* Build configuration list for PBXNativeTarget "ChatBotTests" */ = {
			isa = XCConfigurationList;
			buildConfigurations = (
				2E3B701622302D4C001AF27D /* Debug */,
				2E3B701722302D4C001AF27D /* Release */,
			);
			defaultConfigurationIsVisible = 0;
			defaultConfigurationName = Release;
		};
		2E3B701822302D4C001AF27D /* Build configuration list for PBXNativeTarget "ChatBotUITests" */ = {
			isa = XCConfigurationList;
			buildConfigurations = (
				2E3B701922302D4C001AF27D /* Debug */,
				2E3B701A22302D4C001AF27D /* Release */,
			);
			defaultConfigurationIsVisible = 0;
			defaultConfigurationName = Release;
		};
/* End XCConfigurationList section */
	};
	rootObject = 2E3B6FE222302D4B001AF27D /* Project object */;
}
